
Microsoft Visual Studio Solution File, Format Version 12.00
# Visual Studio Version 17
VisualStudioVersion = 17.3.32825.248
MinimumVisualStudioVersion = 10.0.40219.1
Project("{FAE04EC0-301F-11D3-BF4B-00C04F79EFBC}") = "ATM Project", "ATM Project.csproj", "{F1485743-AF1A-4918-9FE5-2AC2FAA51CBE}"
EndProject
Global
	GlobalSection(SolutionConfigurationPlatforms) = preSolution
		Debug|Any CPU = Debug|Any CPU
		Release|Any CPU = Release|Any CPU
	EndGlobalSection
	GlobalSection(ProjectConfigurationPlatforms) = postSolution
		{F1485743-AF1A-4918-9FE5-2AC2FAA51CBE}.Debug|Any CPU.ActiveCfg = Debug|Any CPU
		{F1485743-AF1A-4918-9FE5-2AC2FAA51CBE}.Debug|Any CPU.Build.0 = Debug|Any CPU
		{F1485743-AF1A-4918-9FE5-2AC2FAA51CBE}.Release|Any CPU.ActiveCfg = Release|Any CPU
		{F1485743-AF1A-4918-9FE5-2AC2FAA51CBE}.Release|Any CPU.Build.0 = Release|Any CPU
	EndGlobalSection
	GlobalSection(SolutionProperties) = preSolution
		HideSolutionNode = FALSE
	EndGlobalSection
	GlobalSection(ExtensibilityGlobals) = postSolution
		SolutionGuid = {DFE8022F-5E93-41B7-AA21-7FC349C70ADF}
	EndGlobalSection
EndGlobal
